
Microsoft Visual Studio Solution File, Format Version 11.00
# Visual Studio 2010
# SharpDevelop 5.1
Project("{FAE04EC0-301F-11D3-BF4B-00C04F79EFBC}") = "TwoWaySSL", "TwoWaySSL.csproj", "{AEC4B969-28EB-4E96-BA70-A661D6FB694E}"
EndProject
Global
	GlobalSection(SolutionConfigurationPlatforms) = preSolution
		Debug|Any CPU = Debug|Any CPU
		Release|Any CPU = Release|Any CPU
	EndGlobalSection
	GlobalSection(ProjectConfigurationPlatforms) = postSolution
		{AEC4B969-28EB-4E96-BA70-A661D6FB694E}.Debug|Any CPU.ActiveCfg = Debug|Any CPU
		{AEC4B969-28EB-4E96-BA70-A661D6FB694E}.Debug|Any CPU.Build.0 = Debug|Any CPU
		{AEC4B969-28EB-4E96-BA70-A661D6FB694E}.Release|Any CPU.ActiveCfg = Release|Any CPU
		{AEC4B969-28EB-4E96-BA70-A661D6FB694E}.Release|Any CPU.Build.0 = Release|Any CPU
	EndGlobalSection
EndGlobal
